{
  "requires": true,
  "lockfileVersion": 1,
  "dependencies": {
    "iso-639-1": {
      "version": "2.1.1",
      "resolved": "https://registry.npmjs.org/iso-639-1/-/iso-639-1-2.1.1.tgz",
      "integrity": "sha512-JRHJrXzf+4tNrLb25Xthb+ocvv2w6Xn+9g13rd7jaaQIk41r1WGmprPPf2pqZQ4bYmx8SZfKCHTuTSledKuaSQ=="
    },
    "ua-parser-js": {
      "version": "0.7.21",
      "resolved": "https://registry.npmjs.org/ua-parser-js/-/ua-parser-js-0.7.21.tgz",
      "integrity": "sha512-+O8/qh/Qj8CgC6eYBVBykMrNtp5Gebn4dlGD/kKXVkJNDwyrAwSIqwz8CDf+tsAIWVycKcku6gIXJ0qwx/ZXaQ=="
    }
  }
}
