{
  "name": "artnet_controller",
  "version": "1.0.0",
  "lockfileVersion": 2,
  "requires": true,
  "packages": {
    "": {
      "name": "artnet_controller",
      "version": "1.0.0",
      "license": "MIT",
      "dependencies": {
        "artnet": "^1.4.0",
        "ctrl-c": "^2.3.2",
        "node-cleanup": "^2.1.2",
        "osc": "^2.4.3"
      }
    },
    "node_modules/@serialport/binding-mock": {
      "version": "10.2.2",
      "resolved": "https://registry.npmjs.org/@serialport/binding-mock/-/binding-mock-10.2.2.tgz",
      "integrity": "sha512-HAFzGhk9OuFMpuor7aT5G1ChPgn5qSsklTFOTUX72Rl6p0xwcSVsRtG/xaGp6bxpN7fI9D/S8THLBWbBgS6ldw==",
      "optional": true,
      "dependencies": {
        "@serialport/bindings-interface": "^1.2.1",
        "debug": "^4.3.3"
      },
      "engines": {
        "node": ">=12.0.0"
      }
    },
    "node_modules/@serialport/bindings-cpp": {
      "version": "10.7.0",
      "resolved": "https://registry.npmjs.org/@serialport/bindings-cpp/-/bindings-cpp-10.7.0.tgz",
      "integrity": "sha512-Xx1wA2UCG2loS32hxNvWJI4smCzGKhWqE85//fLRzHoGgE1lSLe3Nk7W40/ebrlGFHWRbQZmeaIF4chb2XLliA==",
      "hasInstallScript": true,
      "optional": true,
      "dependencies": {
        "@serialport/bindings-interface": "1.2.1",
        "@serialport/parser-readline": "^10.2.1",
        "debug": "^4.3.2",
        "node-addon-api": "^4.3.0",
        "node-gyp-build": "^4.3.0"
      },
      "engines": {
        "node": ">=12.17.0 <13.0 || >=14.0.0"
      },
      "funding": {
        "url": "https://opencollective.com/serialport/donate"
      }
    },
    "node_modules/@serialport/bindings-cpp/node_modules/@serialport/bindings-interface": {
      "version": "1.2.1",
      "resolved": "https://registry.npmjs.org/@serialport/bindings-interface/-/bindings-interface-1.2.1.tgz",
      "integrity": "sha512-63Dyqz2gtryRDDckFusOYqLYhR3Hq/M4sEdbF9i/VsvDb6T+tNVgoAKUZ+FMrXXKnCSu+hYbk+MTc0XQANszxw==",
      "optional": true,
      "engines": {
        "node": "^12.22 || ^14.13 || >=16"
      }
    },
    "node_modules/@serialport/bindings-interface": {
      "version": "1.2.2",
      "resolved": "https://registry.npmjs.org/@serialport/bindings-interface/-/bindings-interface-1.2.2.tgz",
      "integrity": "sha512-CJaUd5bLvtM9c5dmO9rPBHPXTa9R2UwpkJ0wdh9JCYcbrPWsKz+ErvR0hBLeo7NPeiFdjFO4sonRljiw4d2XiA==",
      "optional": true,
      "engines": {
        "node": "^12.22 || ^14.13 || >=16"
      }
    },
    "node_modules/@serialport/parser-byte-length": {
      "version": "10.3.0",
      "resolved": "https://registry.npmjs.org/@serialport/parser-byte-length/-/parser-byte-length-10.3.0.tgz",
      "integrity": "sha512-pJ/VoFemzKRRNDHLhFfPThwP40QrGaEnm9TtwL7o2GihEPwzBg3T0bN13ew5TpbbUYZdMpUtpm3CGfl6av9rUQ==",
      "optional": true,
      "engines": {
        "node": ">=12.0.0"
      },
      "funding": {
        "url": "https://opencollective.com/serialport/donate"
      }
    },
    "node_modules/@serialport/parser-cctalk": {
      "version": "10.3.0",
      "resolved": "https://registry.npmjs.org/@serialport/parser-cctalk/-/parser-cctalk-10.3.0.tgz",
      "integrity": "sha512-8ujmk8EvVbDPrNF4mM33bWvUYJOZ0wXbY3WCRazHRWvyCdL0VO0DQvW81ZqgoTpiDQZm5r8wQu9rmuemahF6vQ==",
      "optional": true,
      "engines": {
        "node": ">=12.0.0"
      },
      "funding": {
        "url": "https://opencollective.com/serialport/donate"
      }
    },
    "node_modules/@serialport/parser-delimiter": {
      "version": "10.3.0",
      "resolved": "https://registry.npmjs.org/@serialport/parser-delimiter/-/parser-delimiter-10.3.0.tgz",
      "integrity": "sha512-9E4Vj6s0UbbcCCTclwegHGPYjJhdm9qLCS0lowXQDEQC5naZnbsELemMHs93nD9jHPcyx1B4oXkMnVZLxX5TYw==",
      "optional": true,
      "engines": {
        "node": ">=12.0.0"
      },
      "funding": {
        "url": "https://opencollective.com/serialport/donate"
      }
    },
    "node_modules/@serialport/parser-inter-byte-timeout": {
      "version": "10.3.0",
      "resolved": "https://registry.npmjs.org/@serialport/parser-inter-byte-timeout/-/parser-inter-byte-timeout-10.3.0.tgz",
      "integrity": "sha512-wKP0QK85NHgvT6BBB1qBfKBBU4pf8kespNXAZBUYmFT+P4n8r8IZE2mqigCD+AiZcfWNQoAizwOsT/Jx/qeVig==",
      "optional": true,
      "engines": {
        "node": ">=12.0.0"
      },
      "funding": {
        "url": "https://opencollective.com/serialport/donate"
      }
    },
    "node_modules/@serialport/parser-packet-length": {
      "version": "10.3.0",
      "resolved": "https://registry.npmjs.org/@serialport/parser-packet-length/-/parser-packet-length-10.3.0.tgz",
      "integrity": "sha512-bj0cWzt8YSQj/E5fRQVYdi4TsfTlZQrXlXrUwjyTsCONv8IPOHzsz+yY0fw5SEMiJtaLyqvPkCHLsttOd/zFsg==",
      "optional": true,
      "engines": {
        "node": ">=8.6.0"
      }
    },
    "node_modules/@serialport/parser-readline": {
      "version": "10.3.0",
      "resolved": "https://registry.npmjs.org/@serialport/parser-readline/-/parser-readline-10.3.0.tgz",
      "integrity": "sha512-ki3ATZ3/RAqnqGROBKE7k+OeZ0DZXZ53GTca4q71OU5RazbbNhTOBQLKLXD3v9QZXCMJdg4hGW/2Y0DuMUqMQg==",
      "optional": true,
      "dependencies": {
        "@serialport/parser-delimiter": "10.3.0"
      },
      "engines": {
        "node": ">=12.0.0"
      },
      "funding": {
        "url": "https://opencollective.com/serialport/donate"
      }
    },
    "node_modules/@serialport/parser-ready": {
      "version": "10.3.0",
      "resolved": "https://registry.npmjs.org/@serialport/parser-ready/-/parser-ready-10.3.0.tgz",
      "integrity": "sha512-1owywJ4p592dJyVrEJZPIh6pUZ3/y/LN6kGTDH2wxdewRUITo/sGvDy0er5i2+dJD3yuowiAz0dOHSdz8tevJA==",
      "optional": true,
      "engines": {
        "node": ">=12.0.0"
      },
      "funding": {
        "url": "https://opencollective.com/serialport/donate"
      }
    },
    "node_modules/@serialport/parser-regex": {
      "version": "10.3.0",
      "resolved": "https://registry.npmjs.org/@serialport/parser-regex/-/parser-regex-10.3.0.tgz",
      "integrity": "sha512-tIogTs7CvTH+UUFnsvE7i33MSISyTPTGPWlglWYH2/5coipXY503jlaYS1YGe818wWNcSx6YAjMZRdhTWwM39w==",
      "optional": true,
      "engines": {
        "node": ">=12.0.0"
      },
      "funding": {
        "url": "https://opencollective.com/serialport/donate"
      }
    },
    "node_modules/@serialport/parser-slip-encoder": {
      "version": "10.3.0",
      "resolved": "https://registry.npmjs.org/@serialport/parser-slip-encoder/-/parser-slip-encoder-10.3.0.tgz",
      "integrity": "sha512-JI0ILF5sylWn8f0MuMzHFBix/iMUTa79/Z95KaPZYnVaEdA7h7hh/o21Jmon/26P3RJwL1SNJCjZ81zfan+LtQ==",
      "optional": true,
      "engines": {
        "node": ">=12.0.0"
      },
      "funding": {
        "url": "https://opencollective.com/serialport/donate"
      }
    },
    "node_modules/@serialport/parser-spacepacket": {
      "version": "10.3.0",
      "resolved": "https://registry.npmjs.org/@serialport/parser-spacepacket/-/parser-spacepacket-10.3.0.tgz",
      "integrity": "sha512-PDF73ClEPsClD1FEJZHNuBevDKsJCkqy/XD5+S5eA6+tY5D4HLrVgSWsg+3qqB6+dlpwf2CzHe+uO8D3teuKHA==",
      "optional": true,
      "engines": {
        "node": ">=12.0.0"
      },
      "funding": {
        "url": "https://opencollective.com/serialport/donate"
      }
    },
    "node_modules/@serialport/stream": {
      "version": "10.3.0",
      "resolved": "https://registry.npmjs.org/@serialport/stream/-/stream-10.3.0.tgz",
      "integrity": "sha512-7sooi5fHogYNVEJwxVdg872xO6TuMgQd2E9iRmv+o8pk/1dbBnPkmH6Ka3st1mVE+0KnIJqVlgei+ncSsqXIGw==",
      "optional": true,
      "dependencies": {
        "@serialport/bindings-interface": "1.2.1",
        "debug": "^4.3.2"
      },
      "engines": {
        "node": ">=12.0.0"
      },
      "funding": {
        "url": "https://opencollective.com/serialport/donate"
      }
    },
    "node_modules/@serialport/stream/node_modules/@serialport/bindings-interface": {
      "version": "1.2.1",
      "resolved": "https://registry.npmjs.org/@serialport/bindings-interface/-/bindings-interface-1.2.1.tgz",
      "integrity": "sha512-63Dyqz2gtryRDDckFusOYqLYhR3Hq/M4sEdbF9i/VsvDb6T+tNVgoAKUZ+FMrXXKnCSu+hYbk+MTc0XQANszxw==",
      "optional": true,
      "engines": {
        "node": "^12.22 || ^14.13 || >=16"
      }
    },
    "node_modules/artnet": {
      "version": "1.4.0",
      "resolved": "https://registry.npmjs.org/artnet/-/artnet-1.4.0.tgz",
      "integrity": "sha512-5s/1DRr+qidggUwslxiGvY3ZHPIuYUfLKgcqv4MbODwjq4ipTWqr6gOfSqRfdNEGjIkzIQ6M0V4ukFbCwBMjKQ=="
    },
    "node_modules/ctrl-c": {
      "version": "2.3.2",
      "resolved": "https://registry.npmjs.org/ctrl-c/-/ctrl-c-2.3.2.tgz",
      "integrity": "sha512-wE2j4JJkuZ+azNnE/lkriTu+MIFks52Dha6JoYmu+x7wbFPKgww1b797M715x4QpmmhCI6kfdBVnxqfVABkFcg==",
      "dependencies": {
        "keypress": "^0.2.1"
      }
    },
    "node_modules/debug": {
      "version": "4.3.4",
      "resolved": "https://registry.npmjs.org/debug/-/debug-4.3.4.tgz",
      "integrity": "sha512-PRWFHuSU3eDtQJPvnNY7Jcket1j0t5OuOsFzPPzsekD52Zl8qUfFIPEiswXqIvHWGVHOgX+7G/vCNNhehwxfkQ==",
      "optional": true,
      "dependencies": {
        "ms": "2.1.2"
      },
      "engines": {
        "node": ">=6.0"
      },
      "peerDependenciesMeta": {
        "supports-color": {
          "optional": true
        }
      }
    },
    "node_modules/keypress": {
      "version": "0.2.1",
      "resolved": "https://registry.npmjs.org/keypress/-/keypress-0.2.1.tgz",
      "integrity": "sha512-HjorDJFNhnM4SicvaUXac0X77NiskggxJdesG72+O5zBKpSqKFCrqmndKVqpu3pFqkla0St6uGk8Ju0sCurrmg=="
    },
    "node_modules/long": {
      "version": "4.0.0",
      "resolved": "https://registry.npmjs.org/long/-/long-4.0.0.tgz",
      "integrity": "sha512-XsP+KhQif4bjX1kbuSiySJFNAehNxgLb6hPRGJ9QsUr8ajHkuXGdrHmFUTUUXhDwVX2R5bY4JNZEwbUiMhV+MA=="
    },
    "node_modules/ms": {
      "version": "2.1.2",
      "resolved": "https://registry.npmjs.org/ms/-/ms-2.1.2.tgz",
      "integrity": "sha512-sGkPx+VjMtmA6MX27oA4FBFELFCZZ4S4XqeGOXCv68tT+jb3vk/RyaKWP0PTKyWtmLSM0b+adUTEvbs1PEaH2w==",
      "optional": true
    },
    "node_modules/node-addon-api": {
      "version": "4.3.0",
      "resolved": "https://registry.npmjs.org/node-addon-api/-/node-addon-api-4.3.0.tgz",
      "integrity": "sha512-73sE9+3UaLYYFmDsFZnqCInzPyh3MqIwZO9cw58yIqAZhONrrabrYyYe3TuIqtIiOuTXVhsGau8hcrhhwSsDIQ==",
      "optional": true
    },
    "node_modules/node-cleanup": {
      "version": "2.1.2",
      "resolved": "https://registry.npmjs.org/node-cleanup/-/node-cleanup-2.1.2.tgz",
      "integrity": "sha512-qN8v/s2PAJwGUtr1/hYTpNKlD6Y9rc4p8KSmJXyGdYGZsDGKXrGThikLFP9OCHFeLeEpQzPwiAtdIvBLqm//Hw=="
    },
    "node_modules/node-gyp-build": {
      "version": "4.5.0",
      "resolved": "https://registry.npmjs.org/node-gyp-build/-/node-gyp-build-4.5.0.tgz",
      "integrity": "sha512-2iGbaQBV+ITgCz76ZEjmhUKAKVf7xfY1sRl4UiKQspfZMH2h06SyhNsnSVy50cwkFQDGLyif6m/6uFXHkOZ6rg==",
      "optional": true,
      "bin": {
        "node-gyp-build": "bin.js",
        "node-gyp-build-optional": "optional.js",
        "node-gyp-build-test": "build-test.js"
      }
    },
    "node_modules/osc": {
      "version": "2.4.3",
      "resolved": "https://registry.npmjs.org/osc/-/osc-2.4.3.tgz",
      "integrity": "sha512-6FrgHg7DbL+e0YYOhqIa0mT4+2y4uG4K3PGFdhf75oSj1Zp2O93sgbw/T/O6bXNY3QCA3Skiy2OOdszSi45nGQ==",
      "dependencies": {
        "long": "4.0.0",
        "slip": "1.0.2",
        "wolfy87-eventemitter": "5.2.9",
        "ws": "8.5.0"
      },
      "optionalDependencies": {
        "serialport": "10.4.0"
      }
    },
    "node_modules/serialport": {
      "version": "10.4.0",
      "resolved": "https://registry.npmjs.org/serialport/-/serialport-10.4.0.tgz",
      "integrity": "sha512-PszPM5SnFMgSXom60PkKS2A9nMlNbHkuoyRBlzdSWw9rmgOn258+V0dYbWMrETJMM+TJV32vqBzjg5MmmUMwMw==",
      "optional": true,
      "dependencies": {
        "@serialport/binding-mock": "10.2.2",
        "@serialport/bindings-cpp": "10.7.0",
        "@serialport/parser-byte-length": "10.3.0",
        "@serialport/parser-cctalk": "10.3.0",
        "@serialport/parser-delimiter": "10.3.0",
        "@serialport/parser-inter-byte-timeout": "10.3.0",
        "@serialport/parser-packet-length": "10.3.0",
        "@serialport/parser-readline": "10.3.0",
        "@serialport/parser-ready": "10.3.0",
        "@serialport/parser-regex": "10.3.0",
        "@serialport/parser-slip-encoder": "10.3.0",
        "@serialport/parser-spacepacket": "10.3.0",
        "@serialport/stream": "10.3.0",
        "debug": "^4.3.3"
      },
      "engines": {
        "node": ">=12.0.0"
      },
      "funding": {
        "url": "https://opencollective.com/serialport/donate"
      }
    },
    "node_modules/slip": {
      "version": "1.0.2",
      "resolved": "https://registry.npmjs.org/slip/-/slip-1.0.2.tgz",
      "integrity": "sha512-XrcHe3NAcyD3wO+O4I13RcS4/3AF+S9RvGNj9JhJeS02HyImwD2E3QWLrmn9hBfL+fB6yapagwxRkeyYzhk98g=="
    },
    "node_modules/wolfy87-eventemitter": {
      "version": "5.2.9",
      "resolved": "https://registry.npmjs.org/wolfy87-eventemitter/-/wolfy87-eventemitter-5.2.9.tgz",
      "integrity": "sha512-P+6vtWyuDw+MB01X7UeF8TaHBvbCovf4HPEMF/SV7BdDc1SMTiBy13SRD71lQh4ExFTG1d/WNzDGDCyOKSMblw=="
    },
    "node_modules/ws": {
      "version": "8.5.0",
      "resolved": "https://registry.npmjs.org/ws/-/ws-8.5.0.tgz",
      "integrity": "sha512-BWX0SWVgLPzYwF8lTzEy1egjhS4S4OEAHfsO8o65WOVsrnSRGaSiUaa9e0ggGlkMTtBlmOpEXiie9RUcBO86qg==",
      "engines": {
        "node": ">=10.0.0"
      },
      "peerDependencies": {
        "bufferutil": "^4.0.1",
        "utf-8-validate": "^5.0.2"
      },
      "peerDependenciesMeta": {
        "bufferutil": {
          "optional": true
        },
        "utf-8-validate": {
          "optional": true
        }
      }
    }
  },
  "dependencies": {
    "@serialport/binding-mock": {
      "version": "10.2.2",
      "resolved": "https://registry.npmjs.org/@serialport/binding-mock/-/binding-mock-10.2.2.tgz",
      "integrity": "sha512-HAFzGhk9OuFMpuor7aT5G1ChPgn5qSsklTFOTUX72Rl6p0xwcSVsRtG/xaGp6bxpN7fI9D/S8THLBWbBgS6ldw==",
      "optional": true,
      "requires": {
        "@serialport/bindings-interface": "^1.2.1",
        "debug": "^4.3.3"
      }
    },
    "@serialport/bindings-cpp": {
      "version": "10.7.0",
      "resolved": "https://registry.npmjs.org/@serialport/bindings-cpp/-/bindings-cpp-10.7.0.tgz",
      "integrity": "sha512-Xx1wA2UCG2loS32hxNvWJI4smCzGKhWqE85//fLRzHoGgE1lSLe3Nk7W40/ebrlGFHWRbQZmeaIF4chb2XLliA==",
      "optional": true,
      "requires": {
        "@serialport/bindings-interface": "1.2.1",
        "@serialport/parser-readline": "^10.2.1",
        "debug": "^4.3.2",
        "node-addon-api": "^4.3.0",
        "node-gyp-build": "^4.3.0"
      },
      "dependencies": {
        "@serialport/bindings-interface": {
          "version": "1.2.1",
          "resolved": "https://registry.npmjs.org/@serialport/bindings-interface/-/bindings-interface-1.2.1.tgz",
          "integrity": "sha512-63Dyqz2gtryRDDckFusOYqLYhR3Hq/M4sEdbF9i/VsvDb6T+tNVgoAKUZ+FMrXXKnCSu+hYbk+MTc0XQANszxw==",
          "optional": true
        }
      }
    },
    "@serialport/bindings-interface": {
      "version": "1.2.2",
      "resolved": "https://registry.npmjs.org/@serialport/bindings-interface/-/bindings-interface-1.2.2.tgz",
      "integrity": "sha512-CJaUd5bLvtM9c5dmO9rPBHPXTa9R2UwpkJ0wdh9JCYcbrPWsKz+ErvR0hBLeo7NPeiFdjFO4sonRljiw4d2XiA==",
      "optional": true
    },
    "@serialport/parser-byte-length": {
      "version": "10.3.0",
      "resolved": "https://registry.npmjs.org/@serialport/parser-byte-length/-/parser-byte-length-10.3.0.tgz",
      "integrity": "sha512-pJ/VoFemzKRRNDHLhFfPThwP40QrGaEnm9TtwL7o2GihEPwzBg3T0bN13ew5TpbbUYZdMpUtpm3CGfl6av9rUQ==",
      "optional": true
    },
    "@serialport/parser-cctalk": {
      "version": "10.3.0",
      "resolved": "https://registry.npmjs.org/@serialport/parser-cctalk/-/parser-cctalk-10.3.0.tgz",
      "integrity": "sha512-8ujmk8EvVbDPrNF4mM33bWvUYJOZ0wXbY3WCRazHRWvyCdL0VO0DQvW81ZqgoTpiDQZm5r8wQu9rmuemahF6vQ==",
      "optional": true
    },
    "@serialport/parser-delimiter": {
      "version": "10.3.0",
      "resolved": "https://registry.npmjs.org/@serialport/parser-delimiter/-/parser-delimiter-10.3.0.tgz",
      "integrity": "sha512-9E4Vj6s0UbbcCCTclwegHGPYjJhdm9qLCS0lowXQDEQC5naZnbsELemMHs93nD9jHPcyx1B4oXkMnVZLxX5TYw==",
      "optional": true
    },
    "@serialport/parser-inter-byte-timeout": {
      "version": "10.3.0",
      "resolved": "https://registry.npmjs.org/@serialport/parser-inter-byte-timeout/-/parser-inter-byte-timeout-10.3.0.tgz",
      "integrity": "sha512-wKP0QK85NHgvT6BBB1qBfKBBU4pf8kespNXAZBUYmFT+P4n8r8IZE2mqigCD+AiZcfWNQoAizwOsT/Jx/qeVig==",
      "optional": true
    },
    "@serialport/parser-packet-length": {
      "version": "10.3.0",
      "resolved": "https://registry.npmjs.org/@serialport/parser-packet-length/-/parser-packet-length-10.3.0.tgz",
      "integrity": "sha512-bj0cWzt8YSQj/E5fRQVYdi4TsfTlZQrXlXrUwjyTsCONv8IPOHzsz+yY0fw5SEMiJtaLyqvPkCHLsttOd/zFsg==",
      "optional": true
    },
    "@serialport/parser-readline": {
      "version": "10.3.0",
      "resolved": "https://registry.npmjs.org/@serialport/parser-readline/-/parser-readline-10.3.0.tgz",
      "integrity": "sha512-ki3ATZ3/RAqnqGROBKE7k+OeZ0DZXZ53GTca4q71OU5RazbbNhTOBQLKLXD3v9QZXCMJdg4hGW/2Y0DuMUqMQg==",
      "optional": true,
      "requires": {
        "@serialport/parser-delimiter": "10.3.0"
      }
    },
    "@serialport/parser-ready": {
      "version": "10.3.0",
      "resolved": "https://registry.npmjs.org/@serialport/parser-ready/-/parser-ready-10.3.0.tgz",
      "integrity": "sha512-1owywJ4p592dJyVrEJZPIh6pUZ3/y/LN6kGTDH2wxdewRUITo/sGvDy0er5i2+dJD3yuowiAz0dOHSdz8tevJA==",
      "optional": true
    },
    "@serialport/parser-regex": {
      "version": "10.3.0",
      "resolved": "https://registry.npmjs.org/@serialport/parser-regex/-/parser-regex-10.3.0.tgz",
      "integrity": "sha512-tIogTs7CvTH+UUFnsvE7i33MSISyTPTGPWlglWYH2/5coipXY503jlaYS1YGe818wWNcSx6YAjMZRdhTWwM39w==",
      "optional": true
    },
    "@serialport/parser-slip-encoder": {
      "version": "10.3.0",
      "resolved": "https://registry.npmjs.org/@serialport/parser-slip-encoder/-/parser-slip-encoder-10.3.0.tgz",
      "integrity": "sha512-JI0ILF5sylWn8f0MuMzHFBix/iMUTa79/Z95KaPZYnVaEdA7h7hh/o21Jmon/26P3RJwL1SNJCjZ81zfan+LtQ==",
      "optional": true
    },
    "@serialport/parser-spacepacket": {
      "version": "10.3.0",
      "resolved": "https://registry.npmjs.org/@serialport/parser-spacepacket/-/parser-spacepacket-10.3.0.tgz",
      "integrity": "sha512-PDF73ClEPsClD1FEJZHNuBevDKsJCkqy/XD5+S5eA6+tY5D4HLrVgSWsg+3qqB6+dlpwf2CzHe+uO8D3teuKHA==",
      "optional": true
    },
    "@serialport/stream": {
      "version": "10.3.0",
      "resolved": "https://registry.npmjs.org/@serialport/stream/-/stream-10.3.0.tgz",
      "integrity": "sha512-7sooi5fHogYNVEJwxVdg872xO6TuMgQd2E9iRmv+o8pk/1dbBnPkmH6Ka3st1mVE+0KnIJqVlgei+ncSsqXIGw==",
      "optional": true,
      "requires": {
        "@serialport/bindings-interface": "1.2.1",
        "debug": "^4.3.2"
      },
      "dependencies": {
        "@serialport/bindings-interface": {
          "version": "1.2.1",
          "resolved": "https://registry.npmjs.org/@serialport/bindings-interface/-/bindings-interface-1.2.1.tgz",
          "integrity": "sha512-63Dyqz2gtryRDDckFusOYqLYhR3Hq/M4sEdbF9i/VsvDb6T+tNVgoAKUZ+FMrXXKnCSu+hYbk+MTc0XQANszxw==",
          "optional": true
        }
      }
    },
    "artnet": {
      "version": "1.4.0",
      "resolved": "https://registry.npmjs.org/artnet/-/artnet-1.4.0.tgz",
      "integrity": "sha512-5s/1DRr+qidggUwslxiGvY3ZHPIuYUfLKgcqv4MbODwjq4ipTWqr6gOfSqRfdNEGjIkzIQ6M0V4ukFbCwBMjKQ=="
    },
    "ctrl-c": {
      "version": "2.3.2",
      "resolved": "https://registry.npmjs.org/ctrl-c/-/ctrl-c-2.3.2.tgz",
      "integrity": "sha512-wE2j4JJkuZ+azNnE/lkriTu+MIFks52Dha6JoYmu+x7wbFPKgww1b797M715x4QpmmhCI6kfdBVnxqfVABkFcg==",
      "requires": {
        "keypress": "^0.2.1"
      }
    },
    "debug": {
      "version": "4.3.4",
      "resolved": "https://registry.npmjs.org/debug/-/debug-4.3.4.tgz",
      "integrity": "sha512-PRWFHuSU3eDtQJPvnNY7Jcket1j0t5OuOsFzPPzsekD52Zl8qUfFIPEiswXqIvHWGVHOgX+7G/vCNNhehwxfkQ==",
      "optional": true,
      "requires": {
        "ms": "2.1.2"
      }
    },
    "keypress": {
      "version": "0.2.1",
      "resolved": "https://registry.npmjs.org/keypress/-/keypress-0.2.1.tgz",
      "integrity": "sha512-HjorDJFNhnM4SicvaUXac0X77NiskggxJdesG72+O5zBKpSqKFCrqmndKVqpu3pFqkla0St6uGk8Ju0sCurrmg=="
    },
    "long": {
      "version": "4.0.0",
      "resolved": "https://registry.npmjs.org/long/-/long-4.0.0.tgz",
      "integrity": "sha512-XsP+KhQif4bjX1kbuSiySJFNAehNxgLb6hPRGJ9QsUr8ajHkuXGdrHmFUTUUXhDwVX2R5bY4JNZEwbUiMhV+MA=="
    },
    "ms": {
      "version": "2.1.2",
      "resolved": "https://registry.npmjs.org/ms/-/ms-2.1.2.tgz",
      "integrity": "sha512-sGkPx+VjMtmA6MX27oA4FBFELFCZZ4S4XqeGOXCv68tT+jb3vk/RyaKWP0PTKyWtmLSM0b+adUTEvbs1PEaH2w==",
      "optional": true
    },
    "node-addon-api": {
      "version": "4.3.0",
      "resolved": "https://registry.npmjs.org/node-addon-api/-/node-addon-api-4.3.0.tgz",
      "integrity": "sha512-73sE9+3UaLYYFmDsFZnqCInzPyh3MqIwZO9cw58yIqAZhONrrabrYyYe3TuIqtIiOuTXVhsGau8hcrhhwSsDIQ==",
      "optional": true
    },
    "node-cleanup": {
      "version": "2.1.2",
      "resolved": "https://registry.npmjs.org/node-cleanup/-/node-cleanup-2.1.2.tgz",
      "integrity": "sha512-qN8v/s2PAJwGUtr1/hYTpNKlD6Y9rc4p8KSmJXyGdYGZsDGKXrGThikLFP9OCHFeLeEpQzPwiAtdIvBLqm//Hw=="
    },
    "node-gyp-build": {
      "version": "4.5.0",
      "resolved": "https://registry.npmjs.org/node-gyp-build/-/node-gyp-build-4.5.0.tgz",
      "integrity": "sha512-2iGbaQBV+ITgCz76ZEjmhUKAKVf7xfY1sRl4UiKQspfZMH2h06SyhNsnSVy50cwkFQDGLyif6m/6uFXHkOZ6rg==",
      "optional": true
    },
    "osc": {
      "version": "2.4.3",
      "resolved": "https://registry.npmjs.org/osc/-/osc-2.4.3.tgz",
      "integrity": "sha512-6FrgHg7DbL+e0YYOhqIa0mT4+2y4uG4K3PGFdhf75oSj1Zp2O93sgbw/T/O6bXNY3QCA3Skiy2OOdszSi45nGQ==",
      "requires": {
        "long": "4.0.0",
        "serialport": "10.4.0",
        "slip": "1.0.2",
        "wolfy87-eventemitter": "5.2.9",
        "ws": "8.5.0"
      }
    },
    "serialport": {
      "version": "10.4.0",
      "resolved": "https://registry.npmjs.org/serialport/-/serialport-10.4.0.tgz",
      "integrity": "sha512-PszPM5SnFMgSXom60PkKS2A9nMlNbHkuoyRBlzdSWw9rmgOn258+V0dYbWMrETJMM+TJV32vqBzjg5MmmUMwMw==",
      "optional": true,
      "requires": {
        "@serialport/binding-mock": "10.2.2",
        "@serialport/bindings-cpp": "10.7.0",
        "@serialport/parser-byte-length": "10.3.0",
        "@serialport/parser-cctalk": "10.3.0",
        "@serialport/parser-delimiter": "10.3.0",
        "@serialport/parser-inter-byte-timeout": "10.3.0",
        "@serialport/parser-packet-length": "10.3.0",
        "@serialport/parser-readline": "10.3.0",
        "@serialport/parser-ready": "10.3.0",
        "@serialport/parser-regex": "10.3.0",
        "@serialport/parser-slip-encoder": "10.3.0",
        "@serialport/parser-spacepacket": "10.3.0",
        "@serialport/stream": "10.3.0",
        "debug": "^4.3.3"
      }
    },
    "slip": {
      "version": "1.0.2",
      "resolved": "https://registry.npmjs.org/slip/-/slip-1.0.2.tgz",
      "integrity": "sha512-XrcHe3NAcyD3wO+O4I13RcS4/3AF+S9RvGNj9JhJeS02HyImwD2E3QWLrmn9hBfL+fB6yapagwxRkeyYzhk98g=="
    },
    "wolfy87-eventemitter": {
      "version": "5.2.9",
      "resolved": "https://registry.npmjs.org/wolfy87-eventemitter/-/wolfy87-eventemitter-5.2.9.tgz",
      "integrity": "sha512-P+6vtWyuDw+MB01X7UeF8TaHBvbCovf4HPEMF/SV7BdDc1SMTiBy13SRD71lQh4ExFTG1d/WNzDGDCyOKSMblw=="
    },
    "ws": {
      "version": "8.5.0",
      "resolved": "https://registry.npmjs.org/ws/-/ws-8.5.0.tgz",
      "integrity": "sha512-BWX0SWVgLPzYwF8lTzEy1egjhS4S4OEAHfsO8o65WOVsrnSRGaSiUaa9e0ggGlkMTtBlmOpEXiie9RUcBO86qg==",
      "requires": {}
    }
  }
}
