{
  "name": "artnet_controller",
  "version": "1.0.0",
  "lockfileVersion": 2,
  "requires": true,
  "packages": {
    "": {
      "name": "artnet_controller",
      "version": "1.0.0",
      "license": "MIT",
      "dependencies": {
        "artnet": "^1.4.0",
        "ctrl-c": "^2.3.2",
        "node-cleanup": "^2.1.2"
      }
    },
    "node_modules/artnet": {
      "version": "1.4.0",
      "resolved": "https://registry.npmjs.org/artnet/-/artnet-1.4.0.tgz",
      "integrity": "sha512-5s/1DRr+qidggUwslxiGvY3ZHPIuYUfLKgcqv4MbODwjq4ipTWqr6gOfSqRfdNEGjIkzIQ6M0V4ukFbCwBMjKQ=="
    },
    "node_modules/ctrl-c": {
      "version": "2.3.2",
      "resolved": "https://registry.npmjs.org/ctrl-c/-/ctrl-c-2.3.2.tgz",
      "integrity": "sha512-wE2j4JJkuZ+azNnE/lkriTu+MIFks52Dha6JoYmu+x7wbFPKgww1b797M715x4QpmmhCI6kfdBVnxqfVABkFcg==",
      "dependencies": {
        "keypress": "^0.2.1"
      }
    },
    "node_modules/keypress": {
      "version": "0.2.1",
      "resolved": "https://registry.npmjs.org/keypress/-/keypress-0.2.1.tgz",
      "integrity": "sha512-HjorDJFNhnM4SicvaUXac0X77NiskggxJdesG72+O5zBKpSqKFCrqmndKVqpu3pFqkla0St6uGk8Ju0sCurrmg=="
    },
    "node_modules/node-cleanup": {
      "version": "2.1.2",
      "resolved": "https://registry.npmjs.org/node-cleanup/-/node-cleanup-2.1.2.tgz",
      "integrity": "sha512-qN8v/s2PAJwGUtr1/hYTpNKlD6Y9rc4p8KSmJXyGdYGZsDGKXrGThikLFP9OCHFeLeEpQzPwiAtdIvBLqm//Hw=="
    }
  },
  "dependencies": {
    "artnet": {
      "version": "1.4.0",
      "resolved": "https://registry.npmjs.org/artnet/-/artnet-1.4.0.tgz",
      "integrity": "sha512-5s/1DRr+qidggUwslxiGvY3ZHPIuYUfLKgcqv4MbODwjq4ipTWqr6gOfSqRfdNEGjIkzIQ6M0V4ukFbCwBMjKQ=="
    },
    "ctrl-c": {
      "version": "2.3.2",
      "resolved": "https://registry.npmjs.org/ctrl-c/-/ctrl-c-2.3.2.tgz",
      "integrity": "sha512-wE2j4JJkuZ+azNnE/lkriTu+MIFks52Dha6JoYmu+x7wbFPKgww1b797M715x4QpmmhCI6kfdBVnxqfVABkFcg==",
      "requires": {
        "keypress": "^0.2.1"
      }
    },
    "keypress": {
      "version": "0.2.1",
      "resolved": "https://registry.npmjs.org/keypress/-/keypress-0.2.1.tgz",
      "integrity": "sha512-HjorDJFNhnM4SicvaUXac0X77NiskggxJdesG72+O5zBKpSqKFCrqmndKVqpu3pFqkla0St6uGk8Ju0sCurrmg=="
    },
    "node-cleanup": {
      "version": "2.1.2",
      "resolved": "https://registry.npmjs.org/node-cleanup/-/node-cleanup-2.1.2.tgz",
      "integrity": "sha512-qN8v/s2PAJwGUtr1/hYTpNKlD6Y9rc4p8KSmJXyGdYGZsDGKXrGThikLFP9OCHFeLeEpQzPwiAtdIvBLqm//Hw=="
    }
  }
}
