{
  "requires": true,
  "lockfileVersion": 1,
  "dependencies": {
    "@types/p5": {
      "version": "0.9.1",
      "resolved": "https://registry.npmjs.org/@types/p5/-/p5-0.9.1.tgz",
      "integrity": "sha512-4glOKdqdBiRWDFZwi/MjHudPV2U4t2L4fTTSacGapfFxyNXzZcAshAjqmrJkCIZcFlhRBEAL7AM95xRDMfrIwg==",
      "dev": true
    }
  }
}
