# This file is automatically @generated by Cargo.
# It is not intended for manual editing.
version = 3

[[package]]
name = "byteorder"
version = "1.5.0"
source = "registry+https://github.com/rust-lang/crates.io-index"
checksum = "1fd0f2584146f6f2ef48085050886acf353beff7305ebd1ae69500e27c67f64b"

[[package]]
name = "nannou_osc"
version = "0.18.0"
source = "registry+https://github.com/rust-lang/crates.io-index"
checksum = "f9995e9e5af9e50a05aa056f261e1ebb27b46409f1ff3bb219a0a2277574785c"
dependencies = [
 "rosc",
]

[[package]]
name = "rosc"
version = "0.1.6"
source = "registry+https://github.com/rust-lang/crates.io-index"
checksum = "39332ba44e0804497d958f692a3fbb7dd993cc996070189f40577de87ff1b8d9"
dependencies = [
 "byteorder",
]

[[package]]
name = "super_interact"
version = "0.1.0"
dependencies = [
 "nannou_osc",
]
